{
  "requires": true,
  "lockfileVersion": 1,
  "dependencies": {
    "should": {
      "version": "13.1.3",
      "resolved": "http://registry.npm.taobao.org/should/download/should-13.1.3.tgz",
      "integrity": "sha1-oIm995eTkqgnKnEsi2Osuq+3lI8=",
      "requires": {
        "should-equal": "2.0.0",
        "should-format": "3.0.3",
        "should-type": "1.4.0",
        "should-type-adaptors": "1.0.1",
        "should-util": "1.0.0"
      }
    },
    "should-equal": {
      "version": "2.0.0",
      "resolved": "http://registry.npm.taobao.org/should-equal/download/should-equal-2.0.0.tgz",
      "integrity": "sha1-YHLPgwRzYIZ+aOmLCdcRQ9BO4MM=",
      "requires": {
        "should-type": "1.4.0"
      }
    },
    "should-format": {
      "version": "3.0.3",
      "resolved": "http://registry.npm.taobao.org/should-format/download/should-format-3.0.3.tgz",
      "integrity": "sha1-m/yPdPo5IFxT04w01xcwPidxJPE=",
      "requires": {
        "should-type": "1.4.0",
        "should-type-adaptors": "1.0.1"
      }
    },
    "should-type": {
      "version": "1.4.0",
      "resolved": "http://registry.npm.taobao.org/should-type/download/should-type-1.4.0.tgz",
      "integrity": "sha1-B1bYzoRt/QmEOmlHcZ36DUz/XPM="
    },
    "should-type-adaptors": {
      "version": "1.0.1",
      "resolved": "http://registry.npm.taobao.org/should-type-adaptors/download/should-type-adaptors-1.0.1.tgz",
      "integrity": "sha1-7+VVPN9oz/ZuXF9RtxLcNRx3vqo=",
      "requires": {
        "should-type": "1.4.0",
        "should-util": "1.0.0"
      }
    },
    "should-util": {
      "version": "1.0.0",
      "resolved": "http://registry.npm.taobao.org/should-util/download/should-util-1.0.0.tgz",
      "integrity": "sha1-yYzaN0qmsZDfi6h8mInCtNtiAGM="
    }
  }
}
