{
  "name": "bootstrap-daterangepicker",
  "version": "1.0.0",
  "lockfileVersion": 1,
  "requires": true,
  "dependencies": {
    "bootstrap": {
      "version": "3.3.7",
      "resolved": "http://registry.npm.taobao.org/bootstrap/download/bootstrap-3.3.7.tgz",
      "integrity": "sha1-WjiTlFSfIzMIdaOxUGVldPip63E="
    },
    "daterangepicker": {
      "version": "2.1.25",
      "resolved": "http://registry.npm.taobao.org/daterangepicker/download/daterangepicker-2.1.25.tgz",
      "integrity": "sha1-8pJul5GxHoEX6JOg7fv/PP4+Lyg=",
      "requires": {
        "jquery": "3.2.1",
        "moment": "2.19.1"
      }
    },
    "jquery": {
      "version": "3.2.1",
      "resolved": "http://registry.npm.taobao.org/jquery/download/jquery-3.2.1.tgz",
      "integrity": "sha1-XE2d5lKvbNCncBVKYxu6ErAVx4c="
    },
    "moment": {
      "version": "2.19.1",
      "resolved": "http://registry.npm.taobao.org/moment/download/moment-2.19.1.tgz",
      "integrity": "sha1-VtoaLRy/AdOLfhr8McELz6GSkWc="
    }
  }
}
